
Microsoft Visual Studio Solution File, Format Version 12.00
# Visual Studio Version 17
VisualStudioVersion = 17.4.33110.190
MinimumVisualStudioVersion = 10.0.40219.1
Project("{9A19103F-16F7-4668-BE54-9A1E7A4F7556}") = "WeatherStation.API", "WeatherStation.API\WeatherStation.API.csproj", "{4443EFDB-F39B-4178-BE8E-0FD6B9110568}"
EndProject
Project("{FAE04EC0-301F-11D3-BF4B-00C04F79EFBC}") = "WeatherStation.API.Client", "WeatherStation.API.Client\WeatherStation.API.Client.csproj", "{C79110F5-A15C-410D-8B03-D0A83C668213}"
EndProject
Project("{FAE04EC0-301F-11D3-BF4B-00C04F79EFBC}") = "WeatherStation.API.Common", "WeatherStation.API.Common\WeatherStation.API.Common.csproj", "{AFC10549-4A9A-49DC-B80E-0A239519E117}"
EndProject
Global
	GlobalSection(SolutionConfigurationPlatforms) = preSolution
		Debug|Any CPU = Debug|Any CPU
		Release|Any CPU = Release|Any CPU
	EndGlobalSection
	GlobalSection(ProjectConfigurationPlatforms) = postSolution
		{4443EFDB-F39B-4178-BE8E-0FD6B9110568}.Debug|Any CPU.ActiveCfg = Debug|Any CPU
		{4443EFDB-F39B-4178-BE8E-0FD6B9110568}.Debug|Any CPU.Build.0 = Debug|Any CPU
		{4443EFDB-F39B-4178-BE8E-0FD6B9110568}.Release|Any CPU.ActiveCfg = Release|Any CPU
		{4443EFDB-F39B-4178-BE8E-0FD6B9110568}.Release|Any CPU.Build.0 = Release|Any CPU
		{C79110F5-A15C-410D-8B03-D0A83C668213}.Debug|Any CPU.ActiveCfg = Debug|Any CPU
		{C79110F5-A15C-410D-8B03-D0A83C668213}.Debug|Any CPU.Build.0 = Debug|Any CPU
		{C79110F5-A15C-410D-8B03-D0A83C668213}.Release|Any CPU.ActiveCfg = Release|Any CPU
		{C79110F5-A15C-410D-8B03-D0A83C668213}.Release|Any CPU.Build.0 = Release|Any CPU
		{AFC10549-4A9A-49DC-B80E-0A239519E117}.Debug|Any CPU.ActiveCfg = Debug|Any CPU
		{AFC10549-4A9A-49DC-B80E-0A239519E117}.Debug|Any CPU.Build.0 = Debug|Any CPU
		{AFC10549-4A9A-49DC-B80E-0A239519E117}.Release|Any CPU.ActiveCfg = Release|Any CPU
		{AFC10549-4A9A-49DC-B80E-0A239519E117}.Release|Any CPU.Build.0 = Release|Any CPU
	EndGlobalSection
	GlobalSection(SolutionProperties) = preSolution
		HideSolutionNode = FALSE
	EndGlobalSection
	GlobalSection(ExtensibilityGlobals) = postSolution
		SolutionGuid = {EBD55B00-B219-42C2-8EDC-9F89F8A2E599}
	EndGlobalSection
EndGlobal
